
Microsoft Visual Studio Solution File, Format Version 12.00
# Visual Studio Version 16
VisualStudioVersion = 16.0.31019.35
MinimumVisualStudioVersion = 10.0.40219.1
Project("{FAE04EC0-301F-11D3-BF4B-00C04F79EFBC}") = "DemosPlus", "DemosPlus\DemosPlus.csproj", "{A3AE9E2D-2F44-40DA-B0AC-BC45107ADD14}"
EndProject
Global
	GlobalSection(SolutionConfigurationPlatforms) = preSolution
		Debug|Any CPU = Debug|Any CPU
		Release|Any CPU = Release|Any CPU
	EndGlobalSection
	GlobalSection(ProjectConfigurationPlatforms) = postSolution
		{A3AE9E2D-2F44-40DA-B0AC-BC45107ADD14}.Debug|Any CPU.ActiveCfg = Debug|Any CPU
		{A3AE9E2D-2F44-40DA-B0AC-BC45107ADD14}.Debug|Any CPU.Build.0 = Debug|Any CPU
		{A3AE9E2D-2F44-40DA-B0AC-BC45107ADD14}.Release|Any CPU.ActiveCfg = Release|Any CPU
		{A3AE9E2D-2F44-40DA-B0AC-BC45107ADD14}.Release|Any CPU.Build.0 = Release|Any CPU
	EndGlobalSection
	GlobalSection(SolutionProperties) = preSolution
		HideSolutionNode = FALSE
	EndGlobalSection
	GlobalSection(ExtensibilityGlobals) = postSolution
		SolutionGuid = {C300B94C-CBE0-4489-9ECA-6BBEAA0CD441}
	EndGlobalSection
EndGlobal
